
Microsoft Visual Studio Solution File, Format Version 12.00
# Visual Studio Version 17
VisualStudioVersion = 17.5.2.0
MinimumVisualStudioVersion = 10.0.40219.1
Project("{2150E333-8FDC-42A3-9474-1A3956D46DE8}") = "src", "src", "{2065A797-D245-4B2E-8A03-A9E305863D38}"
EndProject
Project("{FAE04EC0-301F-11D3-BF4B-00C04F79EFBC}") = "ApplicationControl.Core", "src\ApplicationControl.Core\ApplicationControl.Core.csproj", "{7A14C0FF-DCDF-4711-B0FE-B40221D5235F}"
EndProject
Project("{FAE04EC0-301F-11D3-BF4B-00C04F79EFBC}") = "ApplicationControl.WebApi", "src\ApplicationControl.WebApi\ApplicationControl.WebApi.csproj", "{85488857-0A48-48DB-94ED-BA78DE4EC335}"
EndProject
Project("{FAE04EC0-301F-11D3-BF4B-00C04F79EFBC}") = "ApplicationControl.CommandProcessor", "src\ApplicationControl.CommandProcessor\ApplicationControl.CommandProcessor.csproj", "{CB24425A-60A4-47E7-AB77-4B4ECA73B93A}"
EndProject
Project("{FAE04EC0-301F-11D3-BF4B-00C04F79EFBC}") = "ApplicationControl.Client", "src\ApplicationControl.Client\ApplicationControl.Client.csproj", "{2BC5663E-E336-405C-B382-B606B7D5B6AC}"
EndProject
Project("{FAE04EC0-301F-11D3-BF4B-00C04F79EFBC}") = "ApplicationControl.Core.Extensions", "src\ApplicationControl.Core.Extensions\ApplicationControl.Core.Extensions.csproj", "{BCA06128-F763-4F3D-88A7-F07D1F38D96C}"
EndProject
Project("{FAE04EC0-301F-11D3-BF4B-00C04F79EFBC}") = "ApplicationControl.Host", "src\ApplicationControl.Host\ApplicationControl.Host.csproj", "{074DAD8E-9919-4AF4-BA36-5CE8E38B39C5}"
EndProject
Global
	GlobalSection(SolutionConfigurationPlatforms) = preSolution
		Debug|Any CPU = Debug|Any CPU
		Debug|x64 = Debug|x64
		Debug|x86 = Debug|x86
		Release|Any CPU = Release|Any CPU
		Release|x64 = Release|x64
		Release|x86 = Release|x86
	EndGlobalSection
	GlobalSection(ProjectConfigurationPlatforms) = postSolution
		{7A14C0FF-DCDF-4711-B0FE-B40221D5235F}.Debug|Any CPU.ActiveCfg = Debug|Any CPU
		{7A14C0FF-DCDF-4711-B0FE-B40221D5235F}.Debug|Any CPU.Build.0 = Debug|Any CPU
		{7A14C0FF-DCDF-4711-B0FE-B40221D5235F}.Debug|x64.ActiveCfg = Debug|Any CPU
		{7A14C0FF-DCDF-4711-B0FE-B40221D5235F}.Debug|x64.Build.0 = Debug|Any CPU
		{7A14C0FF-DCDF-4711-B0FE-B40221D5235F}.Debug|x86.ActiveCfg = Debug|Any CPU
		{7A14C0FF-DCDF-4711-B0FE-B40221D5235F}.Debug|x86.Build.0 = Debug|Any CPU
		{7A14C0FF-DCDF-4711-B0FE-B40221D5235F}.Release|Any CPU.ActiveCfg = Release|Any CPU
		{7A14C0FF-DCDF-4711-B0FE-B40221D5235F}.Release|Any CPU.Build.0 = Release|Any CPU
		{7A14C0FF-DCDF-4711-B0FE-B40221D5235F}.Release|x64.ActiveCfg = Release|Any CPU
		{7A14C0FF-DCDF-4711-B0FE-B40221D5235F}.Release|x64.Build.0 = Release|Any CPU
		{7A14C0FF-DCDF-4711-B0FE-B40221D5235F}.Release|x86.ActiveCfg = Release|Any CPU
		{7A14C0FF-DCDF-4711-B0FE-B40221D5235F}.Release|x86.Build.0 = Release|Any CPU
		{85488857-0A48-48DB-94ED-BA78DE4EC335}.Debug|Any CPU.ActiveCfg = Debug|Any CPU
		{85488857-0A48-48DB-94ED-BA78DE4EC335}.Debug|Any CPU.Build.0 = Debug|Any CPU
		{85488857-0A48-48DB-94ED-BA78DE4EC335}.Debug|x64.ActiveCfg = Debug|Any CPU
		{85488857-0A48-48DB-94ED-BA78DE4EC335}.Debug|x64.Build.0 = Debug|Any CPU
		{85488857-0A48-48DB-94ED-BA78DE4EC335}.Debug|x86.ActiveCfg = Debug|Any CPU
		{85488857-0A48-48DB-94ED-BA78DE4EC335}.Debug|x86.Build.0 = Debug|Any CPU
		{85488857-0A48-48DB-94ED-BA78DE4EC335}.Release|Any CPU.ActiveCfg = Release|Any CPU
		{85488857-0A48-48DB-94ED-BA78DE4EC335}.Release|Any CPU.Build.0 = Release|Any CPU
		{85488857-0A48-48DB-94ED-BA78DE4EC335}.Release|x64.ActiveCfg = Release|Any CPU
		{85488857-0A48-48DB-94ED-BA78DE4EC335}.Release|x64.Build.0 = Release|Any CPU
		{85488857-0A48-48DB-94ED-BA78DE4EC335}.Release|x86.ActiveCfg = Release|Any CPU
		{85488857-0A48-48DB-94ED-BA78DE4EC335}.Release|x86.Build.0 = Release|Any CPU
		{CB24425A-60A4-47E7-AB77-4B4ECA73B93A}.Debug|Any CPU.ActiveCfg = Debug|Any CPU
		{CB24425A-60A4-47E7-AB77-4B4ECA73B93A}.Debug|Any CPU.Build.0 = Debug|Any CPU
		{CB24425A-60A4-47E7-AB77-4B4ECA73B93A}.Debug|x64.ActiveCfg = Debug|Any CPU
		{CB24425A-60A4-47E7-AB77-4B4ECA73B93A}.Debug|x64.Build.0 = Debug|Any CPU
		{CB24425A-60A4-47E7-AB77-4B4ECA73B93A}.Debug|x86.ActiveCfg = Debug|Any CPU
		{CB24425A-60A4-47E7-AB77-4B4ECA73B93A}.Debug|x86.Build.0 = Debug|Any CPU
		{CB24425A-60A4-47E7-AB77-4B4ECA73B93A}.Release|Any CPU.ActiveCfg = Release|Any CPU
		{CB24425A-60A4-47E7-AB77-4B4ECA73B93A}.Release|Any CPU.Build.0 = Release|Any CPU
		{CB24425A-60A4-47E7-AB77-4B4ECA73B93A}.Release|x64.ActiveCfg = Release|Any CPU
		{CB24425A-60A4-47E7-AB77-4B4ECA73B93A}.Release|x64.Build.0 = Release|Any CPU
		{CB24425A-60A4-47E7-AB77-4B4ECA73B93A}.Release|x86.ActiveCfg = Release|Any CPU
		{CB24425A-60A4-47E7-AB77-4B4ECA73B93A}.Release|x86.Build.0 = Release|Any CPU
		{2BC5663E-E336-405C-B382-B606B7D5B6AC}.Debug|Any CPU.ActiveCfg = Debug|Any CPU
		{2BC5663E-E336-405C-B382-B606B7D5B6AC}.Debug|Any CPU.Build.0 = Debug|Any CPU
		{2BC5663E-E336-405C-B382-B606B7D5B6AC}.Debug|x64.ActiveCfg = Debug|Any CPU
		{2BC5663E-E336-405C-B382-B606B7D5B6AC}.Debug|x64.Build.0 = Debug|Any CPU
		{2BC5663E-E336-405C-B382-B606B7D5B6AC}.Debug|x86.ActiveCfg = Debug|Any CPU
		{2BC5663E-E336-405C-B382-B606B7D5B6AC}.Debug|x86.Build.0 = Debug|Any CPU
		{2BC5663E-E336-405C-B382-B606B7D5B6AC}.Release|Any CPU.ActiveCfg = Release|Any CPU
		{2BC5663E-E336-405C-B382-B606B7D5B6AC}.Release|Any CPU.Build.0 = Release|Any CPU
		{2BC5663E-E336-405C-B382-B606B7D5B6AC}.Release|x64.ActiveCfg = Release|Any CPU
		{2BC5663E-E336-405C-B382-B606B7D5B6AC}.Release|x64.Build.0 = Release|Any CPU
		{2BC5663E-E336-405C-B382-B606B7D5B6AC}.Release|x86.ActiveCfg = Release|Any CPU
		{2BC5663E-E336-405C-B382-B606B7D5B6AC}.Release|x86.Build.0 = Release|Any CPU
		{BCA06128-F763-4F3D-88A7-F07D1F38D96C}.Debug|Any CPU.ActiveCfg = Debug|Any CPU
		{BCA06128-F763-4F3D-88A7-F07D1F38D96C}.Debug|Any CPU.Build.0 = Debug|Any CPU
		{BCA06128-F763-4F3D-88A7-F07D1F38D96C}.Debug|x64.ActiveCfg = Debug|Any CPU
		{BCA06128-F763-4F3D-88A7-F07D1F38D96C}.Debug|x64.Build.0 = Debug|Any CPU
		{BCA06128-F763-4F3D-88A7-F07D1F38D96C}.Debug|x86.ActiveCfg = Debug|Any CPU
		{BCA06128-F763-4F3D-88A7-F07D1F38D96C}.Debug|x86.Build.0 = Debug|Any CPU
		{BCA06128-F763-4F3D-88A7-F07D1F38D96C}.Release|Any CPU.ActiveCfg = Release|Any CPU
		{BCA06128-F763-4F3D-88A7-F07D1F38D96C}.Release|Any CPU.Build.0 = Release|Any CPU
		{BCA06128-F763-4F3D-88A7-F07D1F38D96C}.Release|x64.ActiveCfg = Release|Any CPU
		{BCA06128-F763-4F3D-88A7-F07D1F38D96C}.Release|x64.Build.0 = Release|Any CPU
		{BCA06128-F763-4F3D-88A7-F07D1F38D96C}.Release|x86.ActiveCfg = Release|Any CPU
		{BCA06128-F763-4F3D-88A7-F07D1F38D96C}.Release|x86.Build.0 = Release|Any CPU
		{074DAD8E-9919-4AF4-BA36-5CE8E38B39C5}.Debug|Any CPU.ActiveCfg = Debug|Any CPU
		{074DAD8E-9919-4AF4-BA36-5CE8E38B39C5}.Debug|Any CPU.Build.0 = Debug|Any CPU
		{074DAD8E-9919-4AF4-BA36-5CE8E38B39C5}.Debug|x64.ActiveCfg = Debug|Any CPU
		{074DAD8E-9919-4AF4-BA36-5CE8E38B39C5}.Debug|x64.Build.0 = Debug|Any CPU
		{074DAD8E-9919-4AF4-BA36-5CE8E38B39C5}.Debug|x86.ActiveCfg = Debug|Any CPU
		{074DAD8E-9919-4AF4-BA36-5CE8E38B39C5}.Debug|x86.Build.0 = Debug|Any CPU
		{074DAD8E-9919-4AF4-BA36-5CE8E38B39C5}.Release|Any CPU.ActiveCfg = Release|Any CPU
		{074DAD8E-9919-4AF4-BA36-5CE8E38B39C5}.Release|Any CPU.Build.0 = Release|Any CPU
		{074DAD8E-9919-4AF4-BA36-5CE8E38B39C5}.Release|x64.ActiveCfg = Release|Any CPU
		{074DAD8E-9919-4AF4-BA36-5CE8E38B39C5}.Release|x64.Build.0 = Release|Any CPU
		{074DAD8E-9919-4AF4-BA36-5CE8E38B39C5}.Release|x86.ActiveCfg = Release|Any CPU
		{074DAD8E-9919-4AF4-BA36-5CE8E38B39C5}.Release|x86.Build.0 = Release|Any CPU
	EndGlobalSection
	GlobalSection(SolutionProperties) = preSolution
		HideSolutionNode = FALSE
	EndGlobalSection
	GlobalSection(NestedProjects) = preSolution
		{7A14C0FF-DCDF-4711-B0FE-B40221D5235F} = {2065A797-D245-4B2E-8A03-A9E305863D38}
		{85488857-0A48-48DB-94ED-BA78DE4EC335} = {2065A797-D245-4B2E-8A03-A9E305863D38}
		{CB24425A-60A4-47E7-AB77-4B4ECA73B93A} = {2065A797-D245-4B2E-8A03-A9E305863D38}
		{2BC5663E-E336-405C-B382-B606B7D5B6AC} = {2065A797-D245-4B2E-8A03-A9E305863D38}
		{BCA06128-F763-4F3D-88A7-F07D1F38D96C} = {2065A797-D245-4B2E-8A03-A9E305863D38}
		{074DAD8E-9919-4AF4-BA36-5CE8E38B39C5} = {2065A797-D245-4B2E-8A03-A9E305863D38}
	EndGlobalSection
	GlobalSection(ExtensibilityGlobals) = postSolution
		SolutionGuid = {9BCF421D-DD0F-4677-BB13-68EAEAFB6B2E}
	EndGlobalSection
EndGlobal
